# This file is automatically @generated by Cargo.
# It is not intended for manual editing.
version = 3

[[package]]
name = "mdfs-fuse"
version = "0.1.0"
dependencies = [
 "mdfs-index",
 "mdfs-layout",
]

[[package]]
name = "mdfs-image"
version = "0.1.0"

[[package]]
name = "mdfs-index"
version = "0.1.0"

[[package]]
name = "mdfs-layout"
version = "0.1.0"
dependencies = [
 "mdfs-index",
]

[[package]]
name = "mdfsck-lite"
version = "0.1.0"
dependencies = [
 "mdfs-fuse",
 "mdfs-layout",
]
